
Microsoft Visual Studio Solution File, Format Version 12.00
# Visual Studio Version 17
VisualStudioVersion = 17.5.33424.131
MinimumVisualStudioVersion = 10.0.40219.1
Project("{FAE04EC0-301F-11D3-BF4B-00C04F79EFBC}") = "Randevu", "Randevu\Randevu.csproj", "{785B8D35-EE94-45F0-B777-F9FFB5FB42DF}"
EndProject
Global
	GlobalSection(SolutionConfigurationPlatforms) = preSolution
		Debug|Any CPU = Debug|Any CPU
		Release|Any CPU = Release|Any CPU
	EndGlobalSection
	GlobalSection(ProjectConfigurationPlatforms) = postSolution
		{785B8D35-EE94-45F0-B777-F9FFB5FB42DF}.Debug|Any CPU.ActiveCfg = Debug|Any CPU
		{785B8D35-EE94-45F0-B777-F9FFB5FB42DF}.Debug|Any CPU.Build.0 = Debug|Any CPU
		{785B8D35-EE94-45F0-B777-F9FFB5FB42DF}.Release|Any CPU.ActiveCfg = Release|Any CPU
		{785B8D35-EE94-45F0-B777-F9FFB5FB42DF}.Release|Any CPU.Build.0 = Release|Any CPU
	EndGlobalSection
	GlobalSection(SolutionProperties) = preSolution
		HideSolutionNode = FALSE
	EndGlobalSection
	GlobalSection(ExtensibilityGlobals) = postSolution
		SolutionGuid = {B64FF5D4-5553-4994-BE98-6B0A9817E5B3}
	EndGlobalSection
EndGlobal
